
Microsoft Visual Studio Solution File, Format Version 12.00
# Visual Studio 15
Project("{FAE04EC0-301F-11D3-BF4B-00C04F79EFBC}") = "Assembly-CSharp", "Assembly-CSharp.csproj", "{CA660C23-A031-636F-0AD1-0888826A6E8E}"
EndProject
Project("{FAE04EC0-301F-11D3-BF4B-00C04F79EFBC}") = "Assembly-CSharp-Editor", "Assembly-CSharp-Editor.csproj", "{32A94F2F-D444-66B9-7433-F4CBD4FEB58E}"
EndProject
Global
	GlobalSection(SolutionConfigurationPlatforms) = preSolution
		Debug|Any CPU = Debug|Any CPU
		Release|Any CPU = Release|Any CPU
	EndGlobalSection
	GlobalSection(ProjectConfigurationPlatforms) = postSolution
		{CA660C23-A031-636F-0AD1-0888826A6E8E}.Debug|Any CPU.ActiveCfg = Debug|Any CPU
		{CA660C23-A031-636F-0AD1-0888826A6E8E}.Debug|Any CPU.Build.0 = Debug|Any CPU
		{CA660C23-A031-636F-0AD1-0888826A6E8E}.Release|Any CPU.ActiveCfg = Release|Any CPU
		{CA660C23-A031-636F-0AD1-0888826A6E8E}.Release|Any CPU.Build.0 = Release|Any CPU
		{32A94F2F-D444-66B9-7433-F4CBD4FEB58E}.Debug|Any CPU.ActiveCfg = Debug|Any CPU
		{32A94F2F-D444-66B9-7433-F4CBD4FEB58E}.Debug|Any CPU.Build.0 = Debug|Any CPU
		{32A94F2F-D444-66B9-7433-F4CBD4FEB58E}.Release|Any CPU.ActiveCfg = Release|Any CPU
		{32A94F2F-D444-66B9-7433-F4CBD4FEB58E}.Release|Any CPU.Build.0 = Release|Any CPU
	EndGlobalSection
	GlobalSection(SolutionProperties) = preSolution
		HideSolutionNode = FALSE
	EndGlobalSection
EndGlobal
